
Microsoft Visual Studio Solution File, Format Version 12.00
# Visual Studio Version 16
VisualStudioVersion = 16.0.30804.86
MinimumVisualStudioVersion = 10.0.40219.1
Project("{FAE04EC0-301F-11D3-BF4B-00C04F79EFBC}") = "ProjectWebApi", "ProjectWebApi\ProjectWebApi.csproj", "{3037943B-5DD2-4C6C-A8CB-4A8A6B16E589}"
EndProject
Project("{FAE04EC0-301F-11D3-BF4B-00C04F79EFBC}") = "UI.Web", "UI.Web\UI.Web.csproj", "{BE2631E0-C69A-4B22-9D17-668F3E13B6E0}"
EndProject
Global
	GlobalSection(SolutionConfigurationPlatforms) = preSolution
		Debug|Any CPU = Debug|Any CPU
		Release|Any CPU = Release|Any CPU
	EndGlobalSection
	GlobalSection(ProjectConfigurationPlatforms) = postSolution
		{3037943B-5DD2-4C6C-A8CB-4A8A6B16E589}.Debug|Any CPU.ActiveCfg = Debug|Any CPU
		{3037943B-5DD2-4C6C-A8CB-4A8A6B16E589}.Debug|Any CPU.Build.0 = Debug|Any CPU
		{3037943B-5DD2-4C6C-A8CB-4A8A6B16E589}.Release|Any CPU.ActiveCfg = Release|Any CPU
		{3037943B-5DD2-4C6C-A8CB-4A8A6B16E589}.Release|Any CPU.Build.0 = Release|Any CPU
		{BE2631E0-C69A-4B22-9D17-668F3E13B6E0}.Debug|Any CPU.ActiveCfg = Debug|Any CPU
		{BE2631E0-C69A-4B22-9D17-668F3E13B6E0}.Debug|Any CPU.Build.0 = Debug|Any CPU
		{BE2631E0-C69A-4B22-9D17-668F3E13B6E0}.Release|Any CPU.ActiveCfg = Release|Any CPU
		{BE2631E0-C69A-4B22-9D17-668F3E13B6E0}.Release|Any CPU.Build.0 = Release|Any CPU
	EndGlobalSection
	GlobalSection(SolutionProperties) = preSolution
		HideSolutionNode = FALSE
	EndGlobalSection
	GlobalSection(ExtensibilityGlobals) = postSolution
		SolutionGuid = {9B9FC8A8-93A5-42C8-B799-9C8CF49AD9F4}
	EndGlobalSection
EndGlobal
